<Solution>
  <Project Path="UWrite.Android/UWrite.Android.csproj">
    <Deploy />
  </Project>
  <Project Path="UWrite.Browser/UWrite.Browser.csproj" />
  <Project Path="UWrite.Desktop/UWrite.Desktop.csproj" />
  <Project Path="UWrite.iOS/UWrite.iOS.csproj">
    <Deploy />
  </Project>
  <Project Path="UWrite/UWrite.csproj" />
</Solution>
